
Microsoft Visual Studio Solution File, Format Version 12.00
# Visual Studio Version 16
VisualStudioVersion = 16.0.30011.22
MinimumVisualStudioVersion = 10.0.40219.1
Project("{9A19103F-16F7-4668-BE54-9A1E7A4F7556}") = "ReadGames", "ReadGames\ReadGames.csproj", "{94190A45-2EE5-4292-AC91-9A80AAF306D9}"
EndProject
Global
	GlobalSection(SolutionConfigurationPlatforms) = preSolution
		Debug|Any CPU = Debug|Any CPU
		Release|Any CPU = Release|Any CPU
	EndGlobalSection
	GlobalSection(ProjectConfigurationPlatforms) = postSolution
		{94190A45-2EE5-4292-AC91-9A80AAF306D9}.Debug|Any CPU.ActiveCfg = Debug|Any CPU
		{94190A45-2EE5-4292-AC91-9A80AAF306D9}.Debug|Any CPU.Build.0 = Debug|Any CPU
		{94190A45-2EE5-4292-AC91-9A80AAF306D9}.Release|Any CPU.ActiveCfg = Release|Any CPU
		{94190A45-2EE5-4292-AC91-9A80AAF306D9}.Release|Any CPU.Build.0 = Release|Any CPU
	EndGlobalSection
	GlobalSection(SolutionProperties) = preSolution
		HideSolutionNode = FALSE
	EndGlobalSection
	GlobalSection(ExtensibilityGlobals) = postSolution
		SolutionGuid = {A62B5E2A-FE4C-4DFB-A6F2-FD7C17BEC897}
	EndGlobalSection
EndGlobal
